
Microsoft Visual Studio Solution File, Format Version 12.00
# Visual Studio Version 16
VisualStudioVersion = 16.0.29911.84
MinimumVisualStudioVersion = 10.0.40219.1
Project("{FAE04EC0-301F-11D3-BF4B-00C04F79EFBC}") = "Project-7", "Project-7.csproj", "{45E7B534-D2CE-4050-A0CA-2B5303FFE7F6}"
EndProject
Global
	GlobalSection(SolutionConfigurationPlatforms) = preSolution
		Debug|Any CPU = Debug|Any CPU
		Release|Any CPU = Release|Any CPU
	EndGlobalSection
	GlobalSection(ProjectConfigurationPlatforms) = postSolution
		{45E7B534-D2CE-4050-A0CA-2B5303FFE7F6}.Debug|Any CPU.ActiveCfg = Debug|Any CPU
		{45E7B534-D2CE-4050-A0CA-2B5303FFE7F6}.Debug|Any CPU.Build.0 = Debug|Any CPU
		{45E7B534-D2CE-4050-A0CA-2B5303FFE7F6}.Release|Any CPU.ActiveCfg = Release|Any CPU
		{45E7B534-D2CE-4050-A0CA-2B5303FFE7F6}.Release|Any CPU.Build.0 = Release|Any CPU
	EndGlobalSection
	GlobalSection(SolutionProperties) = preSolution
		HideSolutionNode = FALSE
	EndGlobalSection
	GlobalSection(ExtensibilityGlobals) = postSolution
		SolutionGuid = {7FCE3FA8-750D-4197-A5B2-E5AB45CF077F}
	EndGlobalSection
EndGlobal
